
Microsoft Visual Studio Solution File, Format Version 12.00
# Visual Studio Version 17
VisualStudioVersion = 17.14.36414.22 d17.14
MinimumVisualStudioVersion = 10.0.40219.1
Project("{FAE04EC0-301F-11D3-BF4B-00C04F79EFBC}") = "CoBanC#", "CoBanC#\CoBanC#.csproj", "{38A12662-8CF0-43B9-AC9A-E359A97A8C64}"
EndProject
Global
	GlobalSection(SolutionConfigurationPlatforms) = preSolution
		Debug|Any CPU = Debug|Any CPU
		Release|Any CPU = Release|Any CPU
	EndGlobalSection
	GlobalSection(ProjectConfigurationPlatforms) = postSolution
		{38A12662-8CF0-43B9-AC9A-E359A97A8C64}.Debug|Any CPU.ActiveCfg = Debug|Any CPU
		{38A12662-8CF0-43B9-AC9A-E359A97A8C64}.Debug|Any CPU.Build.0 = Debug|Any CPU
		{38A12662-8CF0-43B9-AC9A-E359A97A8C64}.Release|Any CPU.ActiveCfg = Release|Any CPU
		{38A12662-8CF0-43B9-AC9A-E359A97A8C64}.Release|Any CPU.Build.0 = Release|Any CPU
	EndGlobalSection
	GlobalSection(SolutionProperties) = preSolution
		HideSolutionNode = FALSE
	EndGlobalSection
	GlobalSection(ExtensibilityGlobals) = postSolution
		SolutionGuid = {F34519D8-2DFE-451D-825F-B694D975855C}
	EndGlobalSection
EndGlobal
